
Microsoft Visual Studio Solution File, Format Version 12.00
# Visual Studio 15
VisualStudioVersion = 15.0.28010.2041
MinimumVisualStudioVersion = 10.0.40219.1
Project("{FAE04EC0-301F-11D3-BF4B-00C04F79EFBC}") = "Practice9-1", "Practice9-1\Practice9-1.csproj", "{EE50F7AD-010A-46CE-9F51-EC2ABF341DBC}"
EndProject
Global
	GlobalSection(SolutionConfigurationPlatforms) = preSolution
		Debug|Any CPU = Debug|Any CPU
		Release|Any CPU = Release|Any CPU
	EndGlobalSection
	GlobalSection(ProjectConfigurationPlatforms) = postSolution
		{EE50F7AD-010A-46CE-9F51-EC2ABF341DBC}.Debug|Any CPU.ActiveCfg = Debug|Any CPU
		{EE50F7AD-010A-46CE-9F51-EC2ABF341DBC}.Debug|Any CPU.Build.0 = Debug|Any CPU
		{EE50F7AD-010A-46CE-9F51-EC2ABF341DBC}.Release|Any CPU.ActiveCfg = Release|Any CPU
		{EE50F7AD-010A-46CE-9F51-EC2ABF341DBC}.Release|Any CPU.Build.0 = Release|Any CPU
	EndGlobalSection
	GlobalSection(SolutionProperties) = preSolution
		HideSolutionNode = FALSE
	EndGlobalSection
	GlobalSection(ExtensibilityGlobals) = postSolution
		SolutionGuid = {9E0F987C-A328-4772-A688-C6CDAB5064F2}
	EndGlobalSection
EndGlobal
